// !$*UTF8*$!
{
	archiveVersion = 1;
	classes = {
	};
	objectVersion = 50;
	objects = {

/* Begin PBXBuildFile section */
		59FDCBE48D1CF6C74AEEEAE2 /* Pods_InstaPost.framework in Frameworks */ = {isa = PBXBuildFile; fileRef = 1564A53A1F39BA7AEC5B0153 /* Pods_InstaPost.framework */; };
		8404133820EA415300283950 /* AppDelegate.swift in Sources */ = {isa = PBXBuildFile; fileRef = 8404133720EA415300283950 /* AppDelegate.swift */; };
		8404133A20EA415300283950 /* ViewController.swift in Sources */ = {isa = PBXBuildFile; fileRef = 8404133920EA415300283950 /* ViewController.swift */; };
		8404133D20EA415300283950 /* Main.storyboard in Resources */ = {isa = PBXBuildFile; fileRef = 8404133B20EA415300283950 /* Main.storyboard */; };
		8404133F20EA415600283950 /* Assets.xcassets in Resources */ = {isa = PBXBuildFile; fileRef = 8404133E20EA415600283950 /* Assets.xcassets */; };
		8404134220EA415600283950 /* LaunchScreen.storyboard in Resources */ = {isa = PBXBuildFile; fileRef = 8404134020EA415600283950 /* LaunchScreen.storyboard */; };
		8404134A20EA44A100283950 /* API.swift in Sources */ = {isa = PBXBuildFile; fileRef = 8404134920EA44A100283950 /* API.swift */; };
		8404134E20EA870C00283950 /* WebViewController.swift in Sources */ = {isa = PBXBuildFile; fileRef = 8404134D20EA870C00283950 /* WebViewController.swift */; };
/* End PBXBuildFile section */

/* Begin PBXFileReference section */
		06655687C256FE6ECCC03957 /* Pods-InstaPost.debug.xcconfig */ = {isa = PBXFileReference; includeInIndex = 1; lastKnownFileType = text.xcconfig; name = "Pods-InstaPost.debug.xcconfig"; path = "Pods/Target Support Files/Pods-InstaPost/Pods-InstaPost.debug.xcconfig"; sourceTree = "<group>"; };
		1564A53A1F39BA7AEC5B0153 /* Pods_InstaPost.framework */ = {isa = PBXFileReference; explicitFileType = wrapper.framework; includeInIndex = 0; path = Pods_InstaPost.framework; sourceTree = BUILT_PRODUCTS_DIR; };
		8404133420EA415300283950 /* InstaPost.app */ = {isa = PBXFileReference; explicitFileType = wrapper.application; includeInIndex = 0; path = InstaPost.app; sourceTree = BUILT_PRODUCTS_DIR; };
		8404133720EA415300283950 /* AppDelegate.swift */ = {isa = PBXFileReference; lastKnownFileType = sourcecode.swift; path = AppDelegate.swift; sourceTree = "<group>"; };
		8404133920EA415300283950 /* ViewController.swift */ = {isa = PBXFileReference; lastKnownFileType = sourcecode.swift; path = ViewController.swift; sourceTree = "<group>"; };
		8404133C20EA415300283950 /* Base */ = {isa = PBXFileReference; lastKnownFileType = file.storyboard; name = Base; path = Base.lproj/Main.storyboard; sourceTree = "<group>"; };
		8404133E20EA415600283950 /* Assets.xcassets */ = {isa = PBXFileReference; lastKnownFileType = folder.assetcatalog; path = Assets.xcassets; sourceTree = "<group>"; };
		8404134120EA415600283950 /* Base */ = {isa = PBXFileReference; lastKnownFileType = file.storyboard; name = Base; path = Base.lproj/LaunchScreen.storyboard; sourceTree = "<group>"; };
		8404134320EA415600283950 /* Info.plist */ = {isa = PBXFileReference; lastKnownFileType = text.plist.xml; path = Info.plist; sourceTree = "<group>"; };
		8404134920EA44A100283950 /* API.swift */ = {isa = PBXFileReference; lastKnownFileType = sourcecode.swift; path = API.swift; sourceTree = "<group>"; };
		8404134D20EA870C00283950 /* WebViewController.swift */ = {isa = PBXFileReference; lastKnownFileType = sourcecode.swift; path = WebViewController.swift; sourceTree = "<group>"; };
		B75FAD7F6C9D407C9D1F3062 /* Pods-InstaPost.release.xcconfig */ = {isa = PBXFileReference; includeInIndex = 1; lastKnownFileType = text.xcconfig; name = "Pods-InstaPost.release.xcconfig"; path = "Pods/Target Support Files/Pods-InstaPost/Pods-InstaPost.release.xcconfig"; sourceTree = "<group>"; };
/* End PBXFileReference section */

/* Begin PBXFrameworksBuildPhase section */
		8404133120EA415300283950 /* Frameworks */ = {
			isa = PBXFrameworksBuildPhase;
			buildActionMask = 2147483647;
			files = (
				59FDCBE48D1CF6C74AEEEAE2 /* Pods_InstaPost.framework in Frameworks */,
			);
			runOnlyForDeploymentPostprocessing = 0;
		};
/* End PBXFrameworksBuildPhase section */

/* Begin PBXGroup section */
		8404132B20EA415300283950 = {
			isa = PBXGroup;
			children = (
				8404133620EA415300283950 /* InstaPost */,
				8404133520EA415300283950 /* Products */,
				D67E3777C2BCBFE8F660D03A /* Pods */,
				882984ED368B53C96372CCEA /* Frameworks */,
			);
			sourceTree = "<group>";
		};
		8404133520EA415300283950 /* Products */ = {
			isa = PBXGroup;
			children = (
				8404133420EA415300283950 /* InstaPost.app */,
			);
			name = Products;
			sourceTree = "<group>";
		};
		8404133620EA415300283950 /* InstaPost */ = {
			isa = PBXGroup;
			children = (
				8404133720EA415300283950 /* AppDelegate.swift */,
				8404134920EA44A100283950 /* API.swift */,
				8404133920EA415300283950 /* ViewController.swift */,
				8404134D20EA870C00283950 /* WebViewController.swift */,
				8404133B20EA415300283950 /* Main.storyboard */,
				8404133E20EA415600283950 /* Assets.xcassets */,
				8404134020EA415600283950 /* LaunchScreen.storyboard */,
				8404134320EA415600283950 /* Info.plist */,
			);
			path = InstaPost;
			sourceTree = "<group>";
		};
		882984ED368B53C96372CCEA /* Frameworks */ = {
			isa = PBXGroup;
			children = (
				1564A53A1F39BA7AEC5B0153 /* Pods_InstaPost.framework */,
			);
			name = Frameworks;
			sourceTree = "<group>";
		};
		D67E3777C2BCBFE8F660D03A /* Pods */ = {
			isa = PBXGroup;
			children = (
				06655687C256FE6ECCC03957 /* Pods-InstaPost.debug.xcconfig */,
				B75FAD7F6C9D407C9D1F3062 /* Pods-InstaPost.release.xcconfig */,
			);
			name = Pods;
			sourceTree = "<group>";
		};
/* End PBXGroup section */

/* Begin PBXNativeTarget section */
		8404133320EA415300283950 /* InstaPost */ = {
			isa = PBXNativeTarget;
			buildConfigurationList = 8404134620EA415600283950 /* Build configuration list for PBXNativeTarget "InstaPost" */;
			buildPhases = (
				76F23EA2E03AD33A37844322 /* [CP] Check Pods Manifest.lock */,
				8404133020EA415300283950 /* Sources */,
				8404133120EA415300283950 /* Frameworks */,
				8404133220EA415300283950 /* Resources */,
				49E01DB974117B8EAA852615 /* [CP] Embed Pods Frameworks */,
			);
			buildRules = (
			);
			dependencies = (
			);
			name = InstaPost;
			productName = InstaPost;
			productReference = 8404133420EA415300283950 /* InstaPost.app */;
			productType = "com.apple.product-type.application";
		};
/* End PBXNativeTarget section */

/* Begin PBXProject section */
		8404132C20EA415300283950 /* Project object */ = {
			isa = PBXProject;
			attributes = {
				LastSwiftUpdateCheck = 0940;
				LastUpgradeCheck = 0940;
				ORGANIZATIONNAME = SlavaLeschenko;
				TargetAttributes = {
					8404133320EA415300283950 = {
						CreatedOnToolsVersion = 9.4.1;
					};
				};
			};
			buildConfigurationList = 8404132F20EA415300283950 /* Build configuration list for PBXProject "InstaPost" */;
			compatibilityVersion = "Xcode 9.3";
			developmentRegion = en;
			hasScannedForEncodings = 0;
			knownRegions = (
				en,
				Base,
			);
			mainGroup = 8404132B20EA415300283950;
			productRefGroup = 8404133520EA415300283950 /* Products */;
			projectDirPath = "";
			projectRoot = "";
			targets = (
				8404133320EA415300283950 /* InstaPost */,
			);
		};
/* End PBXProject section */

/* Begin PBXResourcesBuildPhase section */
		8404133220EA415300283950 /* Resources */ = {
			isa = PBXResourcesBuildPhase;
			buildActionMask = 2147483647;
			files = (
				8404134220EA415600283950 /* LaunchScreen.storyboard in Resources */,
				8404133F20EA415600283950 /* Assets.xcassets in Resources */,
				8404133D20EA415300283950 /* Main.storyboard in Resources */,
			);
			runOnlyForDeploymentPostprocessing = 0;
		};
/* End PBXResourcesBuildPhase section */

/* Begin PBXShellScriptBuildPhase section */
		49E01DB974117B8EAA852615 /* [CP] Embed Pods Frameworks */ = {
			isa = PBXShellScriptBuildPhase;
			buildActionMask = 2147483647;
			files = (
			);
			inputPaths = (
				"${SRCROOT}/Pods/Target Support Files/Pods-InstaPost/Pods-InstaPost-frameworks.sh",
				"${BUILT_PRODUCTS_DIR}/AFNetworking/AFNetworking.framework",
				"${BUILT_PRODUCTS_DIR}/InstagramKit/InstagramKit.framework",
				"${BUILT_PRODUCTS_DIR}/UICKeyChainStore/UICKeyChainStore.framework",
			);
			name = "[CP] Embed Pods Frameworks";
			outputPaths = (
				"${TARGET_BUILD_DIR}/${FRAMEWORKS_FOLDER_PATH}/AFNetworking.framework",
				"${TARGET_BUILD_DIR}/${FRAMEWORKS_FOLDER_PATH}/InstagramKit.framework",
				"${TARGET_BUILD_DIR}/${FRAMEWORKS_FOLDER_PATH}/UICKeyChainStore.framework",
			);
			runOnlyForDeploymentPostprocessing = 0;
			shellPath = /bin/sh;
			shellScript = "\"${SRCROOT}/Pods/Target Support Files/Pods-InstaPost/Pods-InstaPost-frameworks.sh\"\n";
			showEnvVarsInLog = 0;
		};
		76F23EA2E03AD33A37844322 /* [CP] Check Pods Manifest.lock */ = {
			isa = PBXShellScriptBuildPhase;
			buildActionMask = 2147483647;
			files = (
			);
			inputPaths = (
				"${PODS_PODFILE_DIR_PATH}/Podfile.lock",
				"${PODS_ROOT}/Manifest.lock",
			);
			name = "[CP] Check Pods Manifest.lock";
			outputPaths = (
				"$(DERIVED_FILE_DIR)/Pods-InstaPost-checkManifestLockResult.txt",
			);
			runOnlyForDeploymentPostprocessing = 0;
			shellPath = /bin/sh;
			shellScript = "diff \"${PODS_PODFILE_DIR_PATH}/Podfile.lock\" \"${PODS_ROOT}/Manifest.lock\" > /dev/null\nif [ $? != 0 ] ; then\n    # print error to STDERR\n    echo \"error: The sandbox is not in sync with the Podfile.lock. Run 'pod install' or update your CocoaPods installation.\" >&2\n    exit 1\nfi\n# This output is used by Xcode 'outputs' to avoid re-running this script phase.\necho \"SUCCESS\" > \"${SCRIPT_OUTPUT_FILE_0}\"\n";
			showEnvVarsInLog = 0;
		};
/* End PBXShellScriptBuildPhase section */

/* Begin PBXSourcesBuildPhase section */
		8404133020EA415300283950 /* Sources */ = {
			isa = PBXSourcesBuildPhase;
			buildActionMask = 2147483647;
			files = (
				8404133A20EA415300283950 /* ViewController.swift in Sources */,
				8404134A20EA44A100283950 /* API.swift in Sources */,
				8404133820EA415300283950 /* AppDelegate.swift in Sources */,
				8404134E20EA870C00283950 /* WebViewController.swift in Sources */,
			);
			runOnlyForDeploymentPostprocessing = 0;
		};
/* End PBXSourcesBuildPhase section */

/* Begin PBXVariantGroup section */
		8404133B20EA415300283950 /* Main.storyboard */ = {
			isa = PBXVariantGroup;
			children = (
				8404133C20EA415300283950 /* Base */,
			);
			name = Main.storyboard;
			sourceTree = "<group>";
		};
		8404134020EA415600283950 /* LaunchScreen.storyboard */ = {
			isa = PBXVariantGroup;
			children = (
				8404134120EA415600283950 /* Base */,
			);
			name = LaunchScreen.storyboard;
			sourceTree = "<group>";
		};
/* End PBXVariantGroup section */

/* Begin XCBuildConfiguration section */
		8404134420EA415600283950 /* Debug */ = {
			isa = XCBuildConfiguration;
			buildSettings = {
				ALWAYS_SEARCH_USER_PATHS = NO;
				CLANG_ANALYZER_NONNULL = YES;
				CLANG_ANALYZER_NUMBER_OBJECT_CONVERSION = YES_AGGRESSIVE;
				CLANG_CXX_LANGUAGE_STANDARD = "gnu++14";
				CLANG_CXX_LIBRARY = "libc++";
				CLANG_ENABLE_MODULES = YES;
				CLANG_ENABLE_OBJC_ARC = YES;
				CLANG_ENABLE_OBJC_WEAK = YES;
				CLANG_WARN_BLOCK_CAPTURE_AUTORELEASING = YES;
				CLANG_WARN_BOOL_CONVERSION = YES;
				CLANG_WARN_COMMA = YES;
				CLANG_WARN_CONSTANT_CONVERSION = YES;
				CLANG_WARN_DEPRECATED_OBJC_IMPLEMENTATIONS = YES;
				CLANG_WARN_DIRECT_OBJC_ISA_USAGE = YES_ERROR;
				CLANG_WARN_DOCUMENTATION_COMMENTS = YES;
				CLANG_WARN_EMPTY_BODY = YES;
				CLANG_WARN_ENUM_CONVERSION = YES;
				CLANG_WARN_INFINITE_RECURSION = YES;
				CLANG_WARN_INT_CONVERSION = YES;
				CLANG_WARN_NON_LITERAL_NULL_CONVERSION = YES;
				CLANG_WARN_OBJC_IMPLICIT_RETAIN_SELF = YES;
				CLANG_WARN_OBJC_LITERAL_CONVERSION = YES;
				CLANG_WARN_OBJC_ROOT_CLASS = YES_ERROR;
				CLANG_WARN_RANGE_LOOP_ANALYSIS = YES;
				CLANG_WARN_STRICT_PROTOTYPES = YES;
				CLANG_WARN_SUSPICIOUS_MOVE = YES;
				CLANG_WARN_UNGUARDED_AVAILABILITY = YES_AGGRESSIVE;
				CLANG_WARN_UNREACHABLE_CODE = YES;
				CLANG_WARN__DUPLICATE_METHOD_MATCH = YES;
				CODE_SIGN_IDENTITY = "iPhone Developer";
				COPY_PHASE_STRIP = NO;
				DEBUG_INFORMATION_FORMAT = dwarf;
				ENABLE_STRICT_OBJC_MSGSEND = YES;
				ENABLE_TESTABILITY = YES;
				GCC_C_LANGUAGE_STANDARD = gnu11;
				GCC_DYNAMIC_NO_PIC = NO;
				GCC_NO_COMMON_BLOCKS = YES;
				GCC_OPTIMIZATION_LEVEL = 0;
				GCC_PREPROCESSOR_DEFINITIONS = (
					"DEBUG=1",
					"$(inherited)",
				);
				GCC_WARN_64_TO_32_BIT_CONVERSION = YES;
				GCC_WARN_ABOUT_RETURN_TYPE = YES_ERROR;
				GCC_WARN_UNDECLARED_SELECTOR = YES;
				GCC_WARN_UNINITIALIZED_AUTOS = YES_AGGRESSIVE;
				GCC_WARN_UNUSED_FUNCTION = YES;
				GCC_WARN_UNUSED_VARIABLE = YES;
				IPHONEOS_DEPLOYMENT_TARGET = 11.4;
				MTL_ENABLE_DEBUG_INFO = YES;
				ONLY_ACTIVE_ARCH = YES;
				SDKROOT = iphoneos;
				SWIFT_ACTIVE_COMPILATION_CONDITIONS = DEBUG;
				SWIFT_OPTIMIZATION_LEVEL = "-Onone";
			};
			name = Debug;
		};
		8404134520EA415600283950 /* Release */ = {
			isa = XCBuildConfiguration;
			buildSettings = {
				ALWAYS_SEARCH_USER_PATHS = NO;
				CLANG_ANALYZER_NONNULL = YES;
				CLANG_ANALYZER_NUMBER_OBJECT_CONVERSION = YES_AGGRESSIVE;
				CLANG_CXX_LANGUAGE_STANDARD = "gnu++14";
				CLANG_CXX_LIBRARY = "libc++";
				CLANG_ENABLE_MODULES = YES;
				CLANG_ENABLE_OBJC_ARC = YES;
				CLANG_ENABLE_OBJC_WEAK = YES;
				CLANG_WARN_BLOCK_CAPTURE_AUTORELEASING = YES;
				CLANG_WARN_BOOL_CONVERSION = YES;
				CLANG_WARN_COMMA = YES;
				CLANG_WARN_CONSTANT_CONVERSION = YES;
				CLANG_WARN_DEPRECATED_OBJC_IMPLEMENTATIONS = YES;
				CLANG_WARN_DIRECT_OBJC_ISA_USAGE = YES_ERROR;
				CLANG_WARN_DOCUMENTATION_COMMENTS = YES;
				CLANG_WARN_EMPTY_BODY = YES;
				CLANG_WARN_ENUM_CONVERSION = YES;
				CLANG_WARN_INFINITE_RECURSION = YES;
				CLANG_WARN_INT_CONVERSION = YES;
				CLANG_WARN_NON_LITERAL_NULL_CONVERSION = YES;
				CLANG_WARN_OBJC_IMPLICIT_RETAIN_SELF = YES;
				CLANG_WARN_OBJC_LITERAL_CONVERSION = YES;
				CLANG_WARN_OBJC_ROOT_CLASS = YES_ERROR;
				CLANG_WARN_RANGE_LOOP_ANALYSIS = YES;
				CLANG_WARN_STRICT_PROTOTYPES = YES;
				CLANG_WARN_SUSPICIOUS_MOVE = YES;
				CLANG_WARN_UNGUARDED_AVAILABILITY = YES_AGGRESSIVE;
				CLANG_WARN_UNREACHABLE_CODE = YES;
				CLANG_WARN__DUPLICATE_METHOD_MATCH = YES;
				CODE_SIGN_IDENTITY = "iPhone Developer";
				COPY_PHASE_STRIP = NO;
				DEBUG_INFORMATION_FORMAT = "dwarf-with-dsym";
				ENABLE_NS_ASSERTIONS = NO;
				ENABLE_STRICT_OBJC_MSGSEND = YES;
				GCC_C_LANGUAGE_STANDARD = gnu11;
				GCC_NO_COMMON_BLOCKS = YES;
				GCC_WARN_64_TO_32_BIT_CONVERSION = YES;
				GCC_WARN_ABOUT_RETURN_TYPE = YES_ERROR;
				GCC_WARN_UNDECLARED_SELECTOR = YES;
				GCC_WARN_UNINITIALIZED_AUTOS = YES_AGGRESSIVE;
				GCC_WARN_UNUSED_FUNCTION = YES;
				GCC_WARN_UNUSED_VARIABLE = YES;
				IPHONEOS_DEPLOYMENT_TARGET = 11.4;
				MTL_ENABLE_DEBUG_INFO = NO;
				SDKROOT = iphoneos;
				SWIFT_COMPILATION_MODE = wholemodule;
				SWIFT_OPTIMIZATION_LEVEL = "-O";
				VALIDATE_PRODUCT = YES;
			};
			name = Release;
		};
		8404134720EA415600283950 /* Debug */ = {
			isa = XCBuildConfiguration;
			baseConfigurationReference = 06655687C256FE6ECCC03957 /* Pods-InstaPost.debug.xcconfig */;
			buildSettings = {
				ASSETCATALOG_COMPILER_APPICON_NAME = AppIcon;
				CODE_SIGN_STYLE = Automatic;
				DEVELOPMENT_TEAM = UMGYBNMZV6;
				INFOPLIST_FILE = InstaPost/Info.plist;
				LD_RUNPATH_SEARCH_PATHS = (
					"$(inherited)",
					"@executable_path/Frameworks",
				);
				PRODUCT_BUNDLE_IDENTIFIER = com.slava.leschenko.InstaPost;
				PRODUCT_NAME = "$(TARGET_NAME)";
				SWIFT_VERSION = 4.0;
				TARGETED_DEVICE_FAMILY = "1,2";
			};
			name = Debug;
		};
		8404134820EA415600283950 /* Release */ = {
			isa = XCBuildConfiguration;
			baseConfigurationReference = B75FAD7F6C9D407C9D1F3062 /* Pods-InstaPost.release.xcconfig */;
			buildSettings = {
				ASSETCATALOG_COMPILER_APPICON_NAME = AppIcon;
				CODE_SIGN_STYLE = Automatic;
				DEVELOPMENT_TEAM = UMGYBNMZV6;
				INFOPLIST_FILE = InstaPost/Info.plist;
				LD_RUNPATH_SEARCH_PATHS = (
					"$(inherited)",
					"@executable_path/Frameworks",
				);
				PRODUCT_BUNDLE_IDENTIFIER = com.slava.leschenko.InstaPost;
				PRODUCT_NAME = "$(TARGET_NAME)";
				SWIFT_VERSION = 4.0;
				TARGETED_DEVICE_FAMILY = "1,2";
			};
			name = Release;
		};
/* End XCBuildConfiguration section */

/* Begin XCConfigurationList section */
		8404132F20EA415300283950 /* Build configuration list for PBXProject "InstaPost" */ = {
			isa = XCConfigurationList;
			buildConfigurations = (
				8404134420EA415600283950 /* Debug */,
				8404134520EA415600283950 /* Release */,
			);
			defaultConfigurationIsVisible = 0;
			defaultConfigurationName = Release;
		};
		8404134620EA415600283950 /* Build configuration list for PBXNativeTarget "InstaPost" */ = {
			isa = XCConfigurationList;
			buildConfigurations = (
				8404134720EA415600283950 /* Debug */,
				8404134820EA415600283950 /* Release */,
			);
			defaultConfigurationIsVisible = 0;
			defaultConfigurationName = Release;
		};
/* End XCConfigurationList section */
	};
	rootObject = 8404132C20EA415300283950 /* Project object */;
}
